
Microsoft Visual Studio Solution File, Format Version 12.00
# Visual Studio Version 16
VisualStudioVersion = 16.0.30804.86
MinimumVisualStudioVersion = 10.0.40219.1
Project("{9A19103F-16F7-4668-BE54-9A1E7A4F7556}") = "TEC PID Control", "TEC PID Control\TEC PID Control.csproj", "{94F03C64-3923-4687-A7C4-730352B0A6DA}"
EndProject
Project("{FAE04EC0-301F-11D3-BF4B-00C04F79EFBC}") = "WPFControls", "WPF Controls\WPFControls.csproj", "{44BFDC16-BD29-494B-8933-53D1BB3B7508}"
EndProject
Project("{FAE04EC0-301F-11D3-BF4B-00C04F79EFBC}") = "CSUtils", "CSUtils\CSUtils.csproj", "{8A5DAC9C-0C2A-40CF-B82E-F32ADB341208}"
EndProject
Project("{9A19103F-16F7-4668-BE54-9A1E7A4F7556}") = "CustomWindows", "WPF Controls\CustomWindows\CustomWindows.csproj", "{7C2E0B09-32ED-4AE7-8039-D711497D950B}"
EndProject
Project("{9A19103F-16F7-4668-BE54-9A1E7A4F7556}") = "Devices", "Devices\Devices.csproj", "{166F66B5-9880-4DE5-B2F7-558C5C309AE9}"
	ProjectSection(ProjectDependencies) = postProject
		{8A5DAC9C-0C2A-40CF-B82E-F32ADB341208} = {8A5DAC9C-0C2A-40CF-B82E-F32ADB341208}
	EndProjectSection
EndProject
Project("{FAE04EC0-301F-11D3-BF4B-00C04F79EFBC}") = "MathParserTK", "MathParserTK\MathParserTK.csproj", "{C349510C-C794-477E-9B26-E1A4B91E3A88}"
EndProject
Project("{9A19103F-16F7-4668-BE54-9A1E7A4F7556}") = "WPFUtils", "WPFUtils\WPFUtils.csproj", "{3FCE70AC-F210-46DE-A830-8C70E06704BE}"
EndProject
Project("{2150E333-8FDC-42A3-9474-1A3956D46DE8}") = "Solution Items", "Solution Items", "{5D5710CC-62F4-4829-AB9B-BD9C778DBB2C}"
	ProjectSection(SolutionItems) = preProject
		.editorconfig = .editorconfig
	EndProjectSection
EndProject
Project("{8BC9CEB8-8B4A-11D0-8D11-00A0C91BC942}") = "TEC-PID-dll", "TEC-PID-dll\TEC-PID-dll.vcxproj", "{3000DC65-FAA1-451D-84E8-686AF3AFE5D3}"
EndProject
Global
	GlobalSection(SolutionConfigurationPlatforms) = preSolution
		Debug|Any CPU = Debug|Any CPU
		Debug|x64 = Debug|x64
		Debug|x86 = Debug|x86
		Release|Any CPU = Release|Any CPU
		Release|x64 = Release|x64
		Release|x86 = Release|x86
	EndGlobalSection
	GlobalSection(ProjectConfigurationPlatforms) = postSolution
		{94F03C64-3923-4687-A7C4-730352B0A6DA}.Debug|Any CPU.ActiveCfg = Debug|Any CPU
		{94F03C64-3923-4687-A7C4-730352B0A6DA}.Debug|Any CPU.Build.0 = Debug|Any CPU
		{94F03C64-3923-4687-A7C4-730352B0A6DA}.Debug|x64.ActiveCfg = Debug|Any CPU
		{94F03C64-3923-4687-A7C4-730352B0A6DA}.Debug|x64.Build.0 = Debug|Any CPU
		{94F03C64-3923-4687-A7C4-730352B0A6DA}.Debug|x86.ActiveCfg = Debug|Any CPU
		{94F03C64-3923-4687-A7C4-730352B0A6DA}.Debug|x86.Build.0 = Debug|Any CPU
		{94F03C64-3923-4687-A7C4-730352B0A6DA}.Release|Any CPU.ActiveCfg = Release|Any CPU
		{94F03C64-3923-4687-A7C4-730352B0A6DA}.Release|Any CPU.Build.0 = Release|Any CPU
		{94F03C64-3923-4687-A7C4-730352B0A6DA}.Release|x64.ActiveCfg = Release|Any CPU
		{94F03C64-3923-4687-A7C4-730352B0A6DA}.Release|x64.Build.0 = Release|Any CPU
		{94F03C64-3923-4687-A7C4-730352B0A6DA}.Release|x86.ActiveCfg = Release|Any CPU
		{94F03C64-3923-4687-A7C4-730352B0A6DA}.Release|x86.Build.0 = Release|Any CPU
		{44BFDC16-BD29-494B-8933-53D1BB3B7508}.Debug|Any CPU.ActiveCfg = Debug|Any CPU
		{44BFDC16-BD29-494B-8933-53D1BB3B7508}.Debug|Any CPU.Build.0 = Debug|Any CPU
		{44BFDC16-BD29-494B-8933-53D1BB3B7508}.Debug|x64.ActiveCfg = Debug|Any CPU
		{44BFDC16-BD29-494B-8933-53D1BB3B7508}.Debug|x64.Build.0 = Debug|Any CPU
		{44BFDC16-BD29-494B-8933-53D1BB3B7508}.Debug|x86.ActiveCfg = Debug|Any CPU
		{44BFDC16-BD29-494B-8933-53D1BB3B7508}.Debug|x86.Build.0 = Debug|Any CPU
		{44BFDC16-BD29-494B-8933-53D1BB3B7508}.Release|Any CPU.ActiveCfg = Release|Any CPU
		{44BFDC16-BD29-494B-8933-53D1BB3B7508}.Release|Any CPU.Build.0 = Release|Any CPU
		{44BFDC16-BD29-494B-8933-53D1BB3B7508}.Release|x64.ActiveCfg = Release|Any CPU
		{44BFDC16-BD29-494B-8933-53D1BB3B7508}.Release|x86.ActiveCfg = Release|x86
		{44BFDC16-BD29-494B-8933-53D1BB3B7508}.Release|x86.Build.0 = Release|x86
		{8A5DAC9C-0C2A-40CF-B82E-F32ADB341208}.Debug|Any CPU.ActiveCfg = Debug|Any CPU
		{8A5DAC9C-0C2A-40CF-B82E-F32ADB341208}.Debug|Any CPU.Build.0 = Debug|Any CPU
		{8A5DAC9C-0C2A-40CF-B82E-F32ADB341208}.Debug|x64.ActiveCfg = Debug|Any CPU
		{8A5DAC9C-0C2A-40CF-B82E-F32ADB341208}.Debug|x64.Build.0 = Debug|Any CPU
		{8A5DAC9C-0C2A-40CF-B82E-F32ADB341208}.Debug|x86.ActiveCfg = Debug|Any CPU
		{8A5DAC9C-0C2A-40CF-B82E-F32ADB341208}.Debug|x86.Build.0 = Debug|Any CPU
		{8A5DAC9C-0C2A-40CF-B82E-F32ADB341208}.Release|Any CPU.ActiveCfg = Release|Any CPU
		{8A5DAC9C-0C2A-40CF-B82E-F32ADB341208}.Release|Any CPU.Build.0 = Release|Any CPU
		{8A5DAC9C-0C2A-40CF-B82E-F32ADB341208}.Release|x64.ActiveCfg = Release|Any CPU
		{8A5DAC9C-0C2A-40CF-B82E-F32ADB341208}.Release|x64.Build.0 = Release|Any CPU
		{8A5DAC9C-0C2A-40CF-B82E-F32ADB341208}.Release|x86.ActiveCfg = Release|Any CPU
		{8A5DAC9C-0C2A-40CF-B82E-F32ADB341208}.Release|x86.Build.0 = Release|Any CPU
		{7C2E0B09-32ED-4AE7-8039-D711497D950B}.Debug|Any CPU.ActiveCfg = Debug|Any CPU
		{7C2E0B09-32ED-4AE7-8039-D711497D950B}.Debug|Any CPU.Build.0 = Debug|Any CPU
		{7C2E0B09-32ED-4AE7-8039-D711497D950B}.Debug|x64.ActiveCfg = Debug|Any CPU
		{7C2E0B09-32ED-4AE7-8039-D711497D950B}.Debug|x64.Build.0 = Debug|Any CPU
		{7C2E0B09-32ED-4AE7-8039-D711497D950B}.Debug|x86.ActiveCfg = Debug|Any CPU
		{7C2E0B09-32ED-4AE7-8039-D711497D950B}.Debug|x86.Build.0 = Debug|Any CPU
		{7C2E0B09-32ED-4AE7-8039-D711497D950B}.Release|Any CPU.ActiveCfg = Release|Any CPU
		{7C2E0B09-32ED-4AE7-8039-D711497D950B}.Release|Any CPU.Build.0 = Release|Any CPU
		{7C2E0B09-32ED-4AE7-8039-D711497D950B}.Release|x64.ActiveCfg = Release|Any CPU
		{7C2E0B09-32ED-4AE7-8039-D711497D950B}.Release|x64.Build.0 = Release|Any CPU
		{7C2E0B09-32ED-4AE7-8039-D711497D950B}.Release|x86.ActiveCfg = Release|Any CPU
		{7C2E0B09-32ED-4AE7-8039-D711497D950B}.Release|x86.Build.0 = Release|Any CPU
		{166F66B5-9880-4DE5-B2F7-558C5C309AE9}.Debug|Any CPU.ActiveCfg = Debug|Any CPU
		{166F66B5-9880-4DE5-B2F7-558C5C309AE9}.Debug|Any CPU.Build.0 = Debug|Any CPU
		{166F66B5-9880-4DE5-B2F7-558C5C309AE9}.Debug|x64.ActiveCfg = Debug|Any CPU
		{166F66B5-9880-4DE5-B2F7-558C5C309AE9}.Debug|x64.Build.0 = Debug|Any CPU
		{166F66B5-9880-4DE5-B2F7-558C5C309AE9}.Debug|x86.ActiveCfg = Debug|Any CPU
		{166F66B5-9880-4DE5-B2F7-558C5C309AE9}.Debug|x86.Build.0 = Debug|Any CPU
		{166F66B5-9880-4DE5-B2F7-558C5C309AE9}.Release|Any CPU.ActiveCfg = Release|Any CPU
		{166F66B5-9880-4DE5-B2F7-558C5C309AE9}.Release|Any CPU.Build.0 = Release|Any CPU
		{166F66B5-9880-4DE5-B2F7-558C5C309AE9}.Release|x64.ActiveCfg = Release|Any CPU
		{166F66B5-9880-4DE5-B2F7-558C5C309AE9}.Release|x64.Build.0 = Release|Any CPU
		{166F66B5-9880-4DE5-B2F7-558C5C309AE9}.Release|x86.ActiveCfg = Release|Any CPU
		{166F66B5-9880-4DE5-B2F7-558C5C309AE9}.Release|x86.Build.0 = Release|Any CPU
		{C349510C-C794-477E-9B26-E1A4B91E3A88}.Debug|Any CPU.ActiveCfg = Debug|Any CPU
		{C349510C-C794-477E-9B26-E1A4B91E3A88}.Debug|Any CPU.Build.0 = Debug|Any CPU
		{C349510C-C794-477E-9B26-E1A4B91E3A88}.Debug|x64.ActiveCfg = Debug|Any CPU
		{C349510C-C794-477E-9B26-E1A4B91E3A88}.Debug|x64.Build.0 = Debug|Any CPU
		{C349510C-C794-477E-9B26-E1A4B91E3A88}.Debug|x86.ActiveCfg = Debug|Any CPU
		{C349510C-C794-477E-9B26-E1A4B91E3A88}.Debug|x86.Build.0 = Debug|Any CPU
		{C349510C-C794-477E-9B26-E1A4B91E3A88}.Release|Any CPU.ActiveCfg = Release|Any CPU
		{C349510C-C794-477E-9B26-E1A4B91E3A88}.Release|Any CPU.Build.0 = Release|Any CPU
		{C349510C-C794-477E-9B26-E1A4B91E3A88}.Release|x64.ActiveCfg = Release|Any CPU
		{C349510C-C794-477E-9B26-E1A4B91E3A88}.Release|x64.Build.0 = Release|Any CPU
		{C349510C-C794-477E-9B26-E1A4B91E3A88}.Release|x86.ActiveCfg = Release|Any CPU
		{C349510C-C794-477E-9B26-E1A4B91E3A88}.Release|x86.Build.0 = Release|Any CPU
		{3FCE70AC-F210-46DE-A830-8C70E06704BE}.Debug|Any CPU.ActiveCfg = Debug|Any CPU
		{3FCE70AC-F210-46DE-A830-8C70E06704BE}.Debug|Any CPU.Build.0 = Debug|Any CPU
		{3FCE70AC-F210-46DE-A830-8C70E06704BE}.Debug|x64.ActiveCfg = Debug|Any CPU
		{3FCE70AC-F210-46DE-A830-8C70E06704BE}.Debug|x64.Build.0 = Debug|Any CPU
		{3FCE70AC-F210-46DE-A830-8C70E06704BE}.Debug|x86.ActiveCfg = Debug|Any CPU
		{3FCE70AC-F210-46DE-A830-8C70E06704BE}.Debug|x86.Build.0 = Debug|Any CPU
		{3FCE70AC-F210-46DE-A830-8C70E06704BE}.Release|Any CPU.ActiveCfg = Release|Any CPU
		{3FCE70AC-F210-46DE-A830-8C70E06704BE}.Release|Any CPU.Build.0 = Release|Any CPU
		{3FCE70AC-F210-46DE-A830-8C70E06704BE}.Release|x64.ActiveCfg = Release|Any CPU
		{3FCE70AC-F210-46DE-A830-8C70E06704BE}.Release|x64.Build.0 = Release|Any CPU
		{3FCE70AC-F210-46DE-A830-8C70E06704BE}.Release|x86.ActiveCfg = Release|Any CPU
		{3FCE70AC-F210-46DE-A830-8C70E06704BE}.Release|x86.Build.0 = Release|Any CPU
		{3000DC65-FAA1-451D-84E8-686AF3AFE5D3}.Debug|Any CPU.ActiveCfg = Debug|x64
		{3000DC65-FAA1-451D-84E8-686AF3AFE5D3}.Debug|Any CPU.Build.0 = Debug|x64
		{3000DC65-FAA1-451D-84E8-686AF3AFE5D3}.Debug|x64.ActiveCfg = Debug|x64
		{3000DC65-FAA1-451D-84E8-686AF3AFE5D3}.Debug|x64.Build.0 = Debug|x64
		{3000DC65-FAA1-451D-84E8-686AF3AFE5D3}.Debug|x86.ActiveCfg = Debug|Win32
		{3000DC65-FAA1-451D-84E8-686AF3AFE5D3}.Debug|x86.Build.0 = Debug|Win32
		{3000DC65-FAA1-451D-84E8-686AF3AFE5D3}.Release|Any CPU.ActiveCfg = Release|x64
		{3000DC65-FAA1-451D-84E8-686AF3AFE5D3}.Release|Any CPU.Build.0 = Release|x64
		{3000DC65-FAA1-451D-84E8-686AF3AFE5D3}.Release|x64.ActiveCfg = Release|x64
		{3000DC65-FAA1-451D-84E8-686AF3AFE5D3}.Release|x64.Build.0 = Release|x64
		{3000DC65-FAA1-451D-84E8-686AF3AFE5D3}.Release|x86.ActiveCfg = Release|Win32
		{3000DC65-FAA1-451D-84E8-686AF3AFE5D3}.Release|x86.Build.0 = Release|Win32
	EndGlobalSection
	GlobalSection(SolutionProperties) = preSolution
		HideSolutionNode = FALSE
	EndGlobalSection
	GlobalSection(ExtensibilityGlobals) = postSolution
		SolutionGuid = {BA0D49BB-56B7-4F7A-9A63-5EEF8AD1D286}
	EndGlobalSection
EndGlobal
